
Microsoft Visual Studio Solution File, Format Version 12.00
# Visual Studio Version 16
VisualStudioVersion = 16.0.30128.74
MinimumVisualStudioVersion = 10.0.40219.1
Project("{FAE04EC0-301F-11D3-BF4B-00C04F79EFBC}") = "TradeLog", "TradeLog.csproj", "{134116FA-BC0C-4D7C-8D0C-3CAF92ADE62E}"
EndProject
Global
	GlobalSection(SolutionConfigurationPlatforms) = preSolution
		Debug|Any CPU = Debug|Any CPU
		Release|Any CPU = Release|Any CPU
	EndGlobalSection
	GlobalSection(ProjectConfigurationPlatforms) = postSolution
		{134116FA-BC0C-4D7C-8D0C-3CAF92ADE62E}.Debug|Any CPU.ActiveCfg = Debug|Any CPU
		{134116FA-BC0C-4D7C-8D0C-3CAF92ADE62E}.Debug|Any CPU.Build.0 = Debug|Any CPU
		{134116FA-BC0C-4D7C-8D0C-3CAF92ADE62E}.Release|Any CPU.ActiveCfg = Release|Any CPU
		{134116FA-BC0C-4D7C-8D0C-3CAF92ADE62E}.Release|Any CPU.Build.0 = Release|Any CPU
	EndGlobalSection
	GlobalSection(SolutionProperties) = preSolution
		HideSolutionNode = FALSE
	EndGlobalSection
	GlobalSection(ExtensibilityGlobals) = postSolution
		SolutionGuid = {F7FF056B-706E-49DC-86F5-A205EEAEA0DD}
	EndGlobalSection
EndGlobal
